
Microsoft Visual Studio Solution File, Format Version 12.00
# Visual Studio Version 16
VisualStudioVersion = 16.0.29418.71
MinimumVisualStudioVersion = 10.0.40219.1
Project("{FAE04EC0-301F-11D3-BF4B-00C04F79EFBC}") = "PruebaCompartido", "PruebaCompartido.csproj", "{269B5D4D-E4F2-45D3-8426-B5B84A42FC2E}"
EndProject
Global
	GlobalSection(SolutionConfigurationPlatforms) = preSolution
		Debug|Any CPU = Debug|Any CPU
		Release|Any CPU = Release|Any CPU
	EndGlobalSection
	GlobalSection(ProjectConfigurationPlatforms) = postSolution
		{269B5D4D-E4F2-45D3-8426-B5B84A42FC2E}.Debug|Any CPU.ActiveCfg = Debug|Any CPU
		{269B5D4D-E4F2-45D3-8426-B5B84A42FC2E}.Debug|Any CPU.Build.0 = Debug|Any CPU
		{269B5D4D-E4F2-45D3-8426-B5B84A42FC2E}.Release|Any CPU.ActiveCfg = Release|Any CPU
		{269B5D4D-E4F2-45D3-8426-B5B84A42FC2E}.Release|Any CPU.Build.0 = Release|Any CPU
	EndGlobalSection
	GlobalSection(SolutionProperties) = preSolution
		HideSolutionNode = FALSE
	EndGlobalSection
	GlobalSection(ExtensibilityGlobals) = postSolution
		SolutionGuid = {AF30EB9C-4219-4958-9F0F-704AE0836F3E}
	EndGlobalSection
EndGlobal
